// !$*UTF8*$!
{
	archiveVersion = 1;
	classes = {
	};
	objectVersion = 46;
	objects = {

/* Begin PBXBuildFile section */
		D913F4721AC0DF6E00D191A7 /* AppDelegate.swift in Sources */ = {isa = PBXBuildFile; fileRef = D913F4711AC0DF6E00D191A7 /* AppDelegate.swift */; };
		D913F4741AC0DF6E00D191A7 /* ViewController.swift in Sources */ = {isa = PBXBuildFile; fileRef = D913F4731AC0DF6E00D191A7 /* ViewController.swift */; };
		D913F4771AC0DF6E00D191A7 /* Main.storyboard in Resources */ = {isa = PBXBuildFile; fileRef = D913F4751AC0DF6E00D191A7 /* Main.storyboard */; };
		D913F4791AC0DF6E00D191A7 /* Images.xcassets in Resources */ = {isa = PBXBuildFile; fileRef = D913F4781AC0DF6E00D191A7 /* Images.xcassets */; };
		D913F47C1AC0DF6E00D191A7 /* LaunchScreen.xib in Resources */ = {isa = PBXBuildFile; fileRef = D913F47A1AC0DF6E00D191A7 /* LaunchScreen.xib */; };
		D913F4881AC0DF6E00D191A7 /* FibonacciAppTests.swift in Sources */ = {isa = PBXBuildFile; fileRef = D913F4871AC0DF6E00D191A7 /* FibonacciAppTests.swift */; };
		D913F4921AC0E08100D191A7 /* FibonacciSequence.swift in Sources */ = {isa = PBXBuildFile; fileRef = D913F4911AC0E08100D191A7 /* FibonacciSequence.swift */; };
/* End PBXBuildFile section */

/* Begin PBXContainerItemProxy section */
		D913F4821AC0DF6E00D191A7 /* PBXContainerItemProxy */ = {
			isa = PBXContainerItemProxy;
			containerPortal = D913F4641AC0DF6E00D191A7 /* Project object */;
			proxyType = 1;
			remoteGlobalIDString = D913F46B1AC0DF6E00D191A7;
			remoteInfo = FibonacciApp;
		};
/* End PBXContainerItemProxy section */

/* Begin PBXFileReference section */
		D913F46C1AC0DF6E00D191A7 /* FibonacciApp.app */ = {isa = PBXFileReference; explicitFileType = wrapper.application; includeInIndex = 0; path = FibonacciApp.app; sourceTree = BUILT_PRODUCTS_DIR; };
		D913F4701AC0DF6E00D191A7 /* Info.plist */ = {isa = PBXFileReference; lastKnownFileType = text.plist.xml; path = Info.plist; sourceTree = "<group>"; };
		D913F4711AC0DF6E00D191A7 /* AppDelegate.swift */ = {isa = PBXFileReference; lastKnownFileType = sourcecode.swift; path = AppDelegate.swift; sourceTree = "<group>"; };
		D913F4731AC0DF6E00D191A7 /* ViewController.swift */ = {isa = PBXFileReference; lastKnownFileType = sourcecode.swift; path = ViewController.swift; sourceTree = "<group>"; };
		D913F4761AC0DF6E00D191A7 /* Base */ = {isa = PBXFileReference; lastKnownFileType = file.storyboard; name = Base; path = Base.lproj/Main.storyboard; sourceTree = "<group>"; };
		D913F4781AC0DF6E00D191A7 /* Images.xcassets */ = {isa = PBXFileReference; lastKnownFileType = folder.assetcatalog; path = Images.xcassets; sourceTree = "<group>"; };
		D913F47B1AC0DF6E00D191A7 /* Base */ = {isa = PBXFileReference; lastKnownFileType = file.xib; name = Base; path = Base.lproj/LaunchScreen.xib; sourceTree = "<group>"; };
		D913F4811AC0DF6E00D191A7 /* FibonacciAppTests.xctest */ = {isa = PBXFileReference; explicitFileType = wrapper.cfbundle; includeInIndex = 0; path = FibonacciAppTests.xctest; sourceTree = BUILT_PRODUCTS_DIR; };
		D913F4861AC0DF6E00D191A7 /* Info.plist */ = {isa = PBXFileReference; lastKnownFileType = text.plist.xml; path = Info.plist; sourceTree = "<group>"; };
		D913F4871AC0DF6E00D191A7 /* FibonacciAppTests.swift */ = {isa = PBXFileReference; lastKnownFileType = sourcecode.swift; path = FibonacciAppTests.swift; sourceTree = "<group>"; };
		D913F4911AC0E08100D191A7 /* FibonacciSequence.swift */ = {isa = PBXFileReference; fileEncoding = 4; lastKnownFileType = sourcecode.swift; path = FibonacciSequence.swift; sourceTree = "<group>"; };
/* End PBXFileReference section */

/* Begin PBXFrameworksBuildPhase section */
		D913F4691AC0DF6E00D191A7 /* Frameworks */ = {
			isa = PBXFrameworksBuildPhase;
			buildActionMask = 2147483647;
			files = (
			);
			runOnlyForDeploymentPostprocessing = 0;
		};
		D913F47E1AC0DF6E00D191A7 /* Frameworks */ = {
			isa = PBXFrameworksBuildPhase;
			buildActionMask = 2147483647;
			files = (
			);
			runOnlyForDeploymentPostprocessing = 0;
		};
/* End PBXFrameworksBuildPhase section */

/* Begin PBXGroup section */
		D913F4631AC0DF6E00D191A7 = {
			isa = PBXGroup;
			children = (
				D913F46E1AC0DF6E00D191A7 /* FibonacciApp */,
				D913F4841AC0DF6E00D191A7 /* FibonacciAppTests */,
				D913F46D1AC0DF6E00D191A7 /* Products */,
			);
			sourceTree = "<group>";
		};
		D913F46D1AC0DF6E00D191A7 /* Products */ = {
			isa = PBXGroup;
			children = (
				D913F46C1AC0DF6E00D191A7 /* FibonacciApp.app */,
				D913F4811AC0DF6E00D191A7 /* FibonacciAppTests.xctest */,
			);
			name = Products;
			sourceTree = "<group>";
		};
		D913F46E1AC0DF6E00D191A7 /* FibonacciApp */ = {
			isa = PBXGroup;
			children = (
				D913F4711AC0DF6E00D191A7 /* AppDelegate.swift */,
				D913F4731AC0DF6E00D191A7 /* ViewController.swift */,
				D913F4751AC0DF6E00D191A7 /* Main.storyboard */,
				D913F4911AC0E08100D191A7 /* FibonacciSequence.swift */,
				D913F4781AC0DF6E00D191A7 /* Images.xcassets */,
				D913F47A1AC0DF6E00D191A7 /* LaunchScreen.xib */,
				D913F46F1AC0DF6E00D191A7 /* Supporting Files */,
			);
			path = FibonacciApp;
			sourceTree = "<group>";
		};
		D913F46F1AC0DF6E00D191A7 /* Supporting Files */ = {
			isa = PBXGroup;
			children = (
				D913F4701AC0DF6E00D191A7 /* Info.plist */,
			);
			name = "Supporting Files";
			sourceTree = "<group>";
		};
		D913F4841AC0DF6E00D191A7 /* FibonacciAppTests */ = {
			isa = PBXGroup;
			children = (
				D913F4871AC0DF6E00D191A7 /* FibonacciAppTests.swift */,
				D913F4851AC0DF6E00D191A7 /* Supporting Files */,
			);
			path = FibonacciAppTests;
			sourceTree = "<group>";
		};
		D913F4851AC0DF6E00D191A7 /* Supporting Files */ = {
			isa = PBXGroup;
			children = (
				D913F4861AC0DF6E00D191A7 /* Info.plist */,
			);
			name = "Supporting Files";
			sourceTree = "<group>";
		};
/* End PBXGroup section */

/* Begin PBXNativeTarget section */
		D913F46B1AC0DF6E00D191A7 /* FibonacciApp */ = {
			isa = PBXNativeTarget;
			buildConfigurationList = D913F48B1AC0DF6E00D191A7 /* Build configuration list for PBXNativeTarget "FibonacciApp" */;
			buildPhases = (
				D913F4681AC0DF6E00D191A7 /* Sources */,
				D913F4691AC0DF6E00D191A7 /* Frameworks */,
				D913F46A1AC0DF6E00D191A7 /* Resources */,
			);
			buildRules = (
			);
			dependencies = (
			);
			name = FibonacciApp;
			productName = FibonacciApp;
			productReference = D913F46C1AC0DF6E00D191A7 /* FibonacciApp.app */;
			productType = "com.apple.product-type.application";
		};
		D913F4801AC0DF6E00D191A7 /* FibonacciAppTests */ = {
			isa = PBXNativeTarget;
			buildConfigurationList = D913F48E1AC0DF6E00D191A7 /* Build configuration list for PBXNativeTarget "FibonacciAppTests" */;
			buildPhases = (
				D913F47D1AC0DF6E00D191A7 /* Sources */,
				D913F47E1AC0DF6E00D191A7 /* Frameworks */,
				D913F47F1AC0DF6E00D191A7 /* Resources */,
			);
			buildRules = (
			);
			dependencies = (
				D913F4831AC0DF6E00D191A7 /* PBXTargetDependency */,
			);
			name = FibonacciAppTests;
			productName = FibonacciAppTests;
			productReference = D913F4811AC0DF6E00D191A7 /* FibonacciAppTests.xctest */;
			productType = "com.apple.product-type.bundle.unit-test";
		};
/* End PBXNativeTarget section */

/* Begin PBXProject section */
		D913F4641AC0DF6E00D191A7 /* Project object */ = {
			isa = PBXProject;
			attributes = {
				LastUpgradeCheck = 0620;
				ORGANIZATIONNAME = AustinMurtha;
				TargetAttributes = {
					D913F46B1AC0DF6E00D191A7 = {
						CreatedOnToolsVersion = 6.2;
					};
					D913F4801AC0DF6E00D191A7 = {
						CreatedOnToolsVersion = 6.2;
						TestTargetID = D913F46B1AC0DF6E00D191A7;
					};
				};
			};
			buildConfigurationList = D913F4671AC0DF6E00D191A7 /* Build configuration list for PBXProject "FibonacciApp" */;
			compatibilityVersion = "Xcode 3.2";
			developmentRegion = English;
			hasScannedForEncodings = 0;
			knownRegions = (
				en,
				Base,
			);
			mainGroup = D913F4631AC0DF6E00D191A7;
			productRefGroup = D913F46D1AC0DF6E00D191A7 /* Products */;
			projectDirPath = "";
			projectRoot = "";
			targets = (
				D913F46B1AC0DF6E00D191A7 /* FibonacciApp */,
				D913F4801AC0DF6E00D191A7 /* FibonacciAppTests */,
			);
		};
/* End PBXProject section */

/* Begin PBXResourcesBuildPhase section */
		D913F46A1AC0DF6E00D191A7 /* Resources */ = {
			isa = PBXResourcesBuildPhase;
			buildActionMask = 2147483647;
			files = (
				D913F4771AC0DF6E00D191A7 /* Main.storyboard in Resources */,
				D913F47C1AC0DF6E00D191A7 /* LaunchScreen.xib in Resources */,
				D913F4791AC0DF6E00D191A7 /* Images.xcassets in Resources */,
			);
			runOnlyForDeploymentPostprocessing = 0;
		};
		D913F47F1AC0DF6E00D191A7 /* Resources */ = {
			isa = PBXResourcesBuildPhase;
			buildActionMask = 2147483647;
			files = (
			);
			runOnlyForDeploymentPostprocessing = 0;
		};
/* End PBXResourcesBuildPhase section */

/* Begin PBXSourcesBuildPhase section */
		D913F4681AC0DF6E00D191A7 /* Sources */ = {
			isa = PBXSourcesBuildPhase;
			buildActionMask = 2147483647;
			files = (
				D913F4921AC0E08100D191A7 /* FibonacciSequence.swift in Sources */,
				D913F4741AC0DF6E00D191A7 /* ViewController.swift in Sources */,
				D913F4721AC0DF6E00D191A7 /* AppDelegate.swift in Sources */,
			);
			runOnlyForDeploymentPostprocessing = 0;
		};
		D913F47D1AC0DF6E00D191A7 /* Sources */ = {
			isa = PBXSourcesBuildPhase;
			buildActionMask = 2147483647;
			files = (
				D913F4881AC0DF6E00D191A7 /* FibonacciAppTests.swift in Sources */,
			);
			runOnlyForDeploymentPostprocessing = 0;
		};
/* End PBXSourcesBuildPhase section */

/* Begin PBXTargetDependency section */
		D913F4831AC0DF6E00D191A7 /* PBXTargetDependency */ = {
			isa = PBXTargetDependency;
			target = D913F46B1AC0DF6E00D191A7 /* FibonacciApp */;
			targetProxy = D913F4821AC0DF6E00D191A7 /* PBXContainerItemProxy */;
		};
/* End PBXTargetDependency section */

/* Begin PBXVariantGroup section */
		D913F4751AC0DF6E00D191A7 /* Main.storyboard */ = {
			isa = PBXVariantGroup;
			children = (
				D913F4761AC0DF6E00D191A7 /* Base */,
			);
			name = Main.storyboard;
			sourceTree = "<group>";
		};
		D913F47A1AC0DF6E00D191A7 /* LaunchScreen.xib */ = {
			isa = PBXVariantGroup;
			children = (
				D913F47B1AC0DF6E00D191A7 /* Base */,
			);
			name = LaunchScreen.xib;
			sourceTree = "<group>";
		};
/* End PBXVariantGroup section */

/* Begin XCBuildConfiguration section */
		D913F4891AC0DF6E00D191A7 /* Debug */ = {
			isa = XCBuildConfiguration;
			buildSettings = {
				ALWAYS_SEARCH_USER_PATHS = NO;
				CLANG_CXX_LANGUAGE_STANDARD = "gnu++0x";
				CLANG_CXX_LIBRARY = "libc++";
				CLANG_ENABLE_MODULES = YES;
				CLANG_ENABLE_OBJC_ARC = YES;
				CLANG_WARN_BOOL_CONVERSION = YES;
				CLANG_WARN_CONSTANT_CONVERSION = YES;
				CLANG_WARN_DIRECT_OBJC_ISA_USAGE = YES_ERROR;
				CLANG_WARN_EMPTY_BODY = YES;
				CLANG_WARN_ENUM_CONVERSION = YES;
				CLANG_WARN_INT_CONVERSION = YES;
				CLANG_WARN_OBJC_ROOT_CLASS = YES_ERROR;
				CLANG_WARN_UNREACHABLE_CODE = YES;
				CLANG_WARN__DUPLICATE_METHOD_MATCH = YES;
				"CODE_SIGN_IDENTITY[sdk=iphoneos*]" = "iPhone Developer";
				COPY_PHASE_STRIP = NO;
				ENABLE_STRICT_OBJC_MSGSEND = YES;
				GCC_C_LANGUAGE_STANDARD = gnu99;
				GCC_DYNAMIC_NO_PIC = NO;
				GCC_OPTIMIZATION_LEVEL = 0;
				GCC_PREPROCESSOR_DEFINITIONS = (
					"DEBUG=1",
					"$(inherited)",
				);
				GCC_SYMBOLS_PRIVATE_EXTERN = NO;
				GCC_WARN_64_TO_32_BIT_CONVERSION = YES;
				GCC_WARN_ABOUT_RETURN_TYPE = YES_ERROR;
				GCC_WARN_UNDECLARED_SELECTOR = YES;
				GCC_WARN_UNINITIALIZED_AUTOS = YES_AGGRESSIVE;
				GCC_WARN_UNUSED_FUNCTION = YES;
				GCC_WARN_UNUSED_VARIABLE = YES;
				IPHONEOS_DEPLOYMENT_TARGET = 8.2;
				MTL_ENABLE_DEBUG_INFO = YES;
				ONLY_ACTIVE_ARCH = YES;
				SDKROOT = iphoneos;
				SWIFT_OPTIMIZATION_LEVEL = "-Onone";
			};
			name = Debug;
		};
		D913F48A1AC0DF6E00D191A7 /* Release */ = {
			isa = XCBuildConfiguration;
			buildSettings = {
				ALWAYS_SEARCH_USER_PATHS = NO;
				CLANG_CXX_LANGUAGE_STANDARD = "gnu++0x";
				CLANG_CXX_LIBRARY = "libc++";
				CLANG_ENABLE_MODULES = YES;
				CLANG_ENABLE_OBJC_ARC = YES;
				CLANG_WARN_BOOL_CONVERSION = YES;
				CLANG_WARN_CONSTANT_CONVERSION = YES;
				CLANG_WARN_DIRECT_OBJC_ISA_USAGE = YES_ERROR;
				CLANG_WARN_EMPTY_BODY = YES;
				CLANG_WARN_ENUM_CONVERSION = YES;
				CLANG_WARN_INT_CONVERSION = YES;
				CLANG_WARN_OBJC_ROOT_CLASS = YES_ERROR;
				CLANG_WARN_UNREACHABLE_CODE = YES;
				CLANG_WARN__DUPLICATE_METHOD_MATCH = YES;
				"CODE_SIGN_IDENTITY[sdk=iphoneos*]" = "iPhone Developer";
				COPY_PHASE_STRIP = NO;
				ENABLE_NS_ASSERTIONS = NO;
				ENABLE_STRICT_OBJC_MSGSEND = YES;
				GCC_C_LANGUAGE_STANDARD = gnu99;
				GCC_WARN_64_TO_32_BIT_CONVERSION = YES;
				GCC_WARN_ABOUT_RETURN_TYPE = YES_ERROR;
				GCC_WARN_UNDECLARED_SELECTOR = YES;
				GCC_WARN_UNINITIALIZED_AUTOS = YES_AGGRESSIVE;
				GCC_WARN_UNUSED_FUNCTION = YES;
				GCC_WARN_UNUSED_VARIABLE = YES;
				IPHONEOS_DEPLOYMENT_TARGET = 8.2;
				MTL_ENABLE_DEBUG_INFO = NO;
				SDKROOT = iphoneos;
				VALIDATE_PRODUCT = YES;
			};
			name = Release;
		};
		D913F48C1AC0DF6E00D191A7 /* Debug */ = {
			isa = XCBuildConfiguration;
			buildSettings = {
				ASSETCATALOG_COMPILER_APPICON_NAME = AppIcon;
				INFOPLIST_FILE = FibonacciApp/Info.plist;
				LD_RUNPATH_SEARCH_PATHS = "$(inherited) @executable_path/Frameworks";
				PRODUCT_NAME = "$(TARGET_NAME)";
			};
			name = Debug;
		};
		D913F48D1AC0DF6E00D191A7 /* Release */ = {
			isa = XCBuildConfiguration;
			buildSettings = {
				ASSETCATALOG_COMPILER_APPICON_NAME = AppIcon;
				INFOPLIST_FILE = FibonacciApp/Info.plist;
				LD_RUNPATH_SEARCH_PATHS = "$(inherited) @executable_path/Frameworks";
				PRODUCT_NAME = "$(TARGET_NAME)";
			};
			name = Release;
		};
		D913F48F1AC0DF6E00D191A7 /* Debug */ = {
			isa = XCBuildConfiguration;
			buildSettings = {
				BUNDLE_LOADER = "$(TEST_HOST)";
				FRAMEWORK_SEARCH_PATHS = (
					"$(SDKROOT)/Developer/Library/Frameworks",
					"$(inherited)",
				);
				GCC_PREPROCESSOR_DEFINITIONS = (
					"DEBUG=1",
					"$(inherited)",
				);
				INFOPLIST_FILE = FibonacciAppTests/Info.plist;
				LD_RUNPATH_SEARCH_PATHS = "$(inherited) @executable_path/Frameworks @loader_path/Frameworks";
				PRODUCT_NAME = "$(TARGET_NAME)";
				TEST_HOST = "$(BUILT_PRODUCTS_DIR)/FibonacciApp.app/FibonacciApp";
			};
			name = Debug;
		};
		D913F4901AC0DF6E00D191A7 /* Release */ = {
			isa = XCBuildConfiguration;
			buildSettings = {
				BUNDLE_LOADER = "$(TEST_HOST)";
				FRAMEWORK_SEARCH_PATHS = (
					"$(SDKROOT)/Developer/Library/Frameworks",
					"$(inherited)",
				);
				INFOPLIST_FILE = FibonacciAppTests/Info.plist;
				LD_RUNPATH_SEARCH_PATHS = "$(inherited) @executable_path/Frameworks @loader_path/Frameworks";
				PRODUCT_NAME = "$(TARGET_NAME)";
				TEST_HOST = "$(BUILT_PRODUCTS_DIR)/FibonacciApp.app/FibonacciApp";
			};
			name = Release;
		};
/* End XCBuildConfiguration section */

/* Begin XCConfigurationList section */
		D913F4671AC0DF6E00D191A7 /* Build configuration list for PBXProject "FibonacciApp" */ = {
			isa = XCConfigurationList;
			buildConfigurations = (
				D913F4891AC0DF6E00D191A7 /* Debug */,
				D913F48A1AC0DF6E00D191A7 /* Release */,
			);
			defaultConfigurationIsVisible = 0;
			defaultConfigurationName = Release;
		};
		D913F48B1AC0DF6E00D191A7 /* Build configuration list for PBXNativeTarget "FibonacciApp" */ = {
			isa = XCConfigurationList;
			buildConfigurations = (
				D913F48C1AC0DF6E00D191A7 /* Debug */,
				D913F48D1AC0DF6E00D191A7 /* Release */,
			);
			defaultConfigurationIsVisible = 0;
		};
		D913F48E1AC0DF6E00D191A7 /* Build configuration list for PBXNativeTarget "FibonacciAppTests" */ = {
			isa = XCConfigurationList;
			buildConfigurations = (
				D913F48F1AC0DF6E00D191A7 /* Debug */,
				D913F4901AC0DF6E00D191A7 /* Release */,
			);
			defaultConfigurationIsVisible = 0;
		};
/* End XCConfigurationList section */
	};
	rootObject = D913F4641AC0DF6E00D191A7 /* Project object */;
}
